workduck.cli.execution
workduck.cli.launcher
workduck.contract.schemas
workduck.desktop.commands
workduck.process.tree
workduck.projects.repository-task
workduck.projects.storage
workduck.queue.read-state
workduck.agent.adapters
workduck.domain.core
workduck.environment.cli
workduck.projects.folder
workduck.projects.repository
workduck.prompt.compiler
workduck.queue.artifacts
workduck.queue.execution
workduck.queue.folder
workduck.repository.inspection
workduck.secret-vault.crypto
workduck.terminal.process
workduck.workbench.engine
workduck.workspace.path
workduck.workspace.sync
workduck.agent.snapshot
workduck.agent.snapshot.contract
workduck.git.process-boundary
workduck.process.developer-control
workduck.projects.folder-native
workduck.projects.import-attempt-store
workduck.projects.operation-storage
workduck.projects.repository-native
workduck.projects.repository-task-native
workduck.queue.execution-native
workduck.queue.folder-native
workduck.workspace.data-files
workduck.workspace.path-client
workduck.workspace.repository-setup
workduck.workspace.sync-file-client
workduck.workspace.sync-file-native
workduck.workspace.sync-git-native
