workduck.cli.execution
workduck.cli.launcher
workduck.contract.schemas
workduck.desktop.commands
workduck.process.tree
workduck.projects.repository-task
workduck.projects.storage
workduck.queue.read-state
workduck.agent.adapters
workduck.domain.core
workduck.environment.cli
workduck.projects.folder
workduck.projects.repository
workduck.prompt.compiler
workduck.queue.artifacts
workduck.queue.execution
workduck.queue.folder
workduck.repository.inspection
workduck.secret-vault.crypto
workduck.terminal.process
workduck.workbench.engine
workduck.workspace.path
workduck.workspace.sync
